# This file is automatically @generated by Cargo.
# It is not intended for manual editing.
version = 4

[[package]]
name = "itoa"
version = "1.0.18"
source = "registry+https://github.com/rust-lang/crates.io-index"
checksum = "8f42a60cbdf9a97f5d2305f08a87dc4e09308d1276d28c869c684d7777685682"

[[package]]
name = "memchr"
version = "2.8.3"
source = "registry+https://github.com/rust-lang/crates.io-index"
checksum = "cf8baf1c55e62ffcace7a9f06f4bd9cd3f0c4beb022d3b367256b91b87513d98"

[[package]]
name = "proc-macro2"
version = "1.0.107"
source = "registry+https://github.com/rust-lang/crates.io-index"
checksum = "985e7ec9bb745e6ce6535b544d84d6cd6f7ad8bd711c398938ae983b91a766d9"
dependencies = [
 "unicode-ident",
]

[[package]]
name = "qip-acceptance"
version = "0.1.0"
dependencies = [
 "qip-agents",
 "qip-ai",
 "qip-api",
 "qip-arbitrage",
 "qip-brokers",
 "qip-capital",
 "qip-chain",
 "qip-compliance",
 "qip-contracts",
 "qip-core",
 "qip-data-finder",
 "qip-edge",
 "qip-entity-resolution",
 "qip-events",
 "qip-execution-engine",
 "qip-feature-dag",
 "qip-financial",
 "qip-investment-agents",
 "qip-kernel",
 "qip-learning-engine",
 "qip-market",
 "qip-market-ingestion",
 "qip-mesh",
 "qip-numerics",
 "qip-observability",
 "qip-optimization-engine",
 "qip-orderbook",
 "qip-portfolio-engine",
 "qip-quantum",
 "qip-reasoning-engine",
 "qip-risk",
 "qip-risk-engine",
 "qip-sequencing",
 "qip-simulation-engine",
 "qip-storage",
 "qip-strategy",
 "qip-transport",
 "qip-twin",
 "qip-world-model",
 "serde",
 "serde_json",
]

[[package]]
name = "qip-agents"
version = "0.1.0"
dependencies = [
 "qip-ai",
 "qip-core",
 "serde",
 "serde_json",
]

[[package]]
name = "qip-ai"
version = "0.1.0"
dependencies = [
 "qip-core",
 "qip-numerics",
 "serde",
 "serde_json",
]

[[package]]
name = "qip-api"
version = "0.1.0"
dependencies = [
 "qip-agents",
 "qip-capital",
 "qip-compliance",
 "qip-contracts",
 "qip-core",
 "qip-data-finder",
 "qip-edge",
 "qip-events",
 "qip-financial",
 "qip-kernel",
 "qip-lifecycle",
 "qip-market",
 "qip-market-ingestion",
 "qip-mesh",
 "qip-observability",
 "qip-risk",
 "qip-risk-engine",
 "qip-simulation-engine",
 "qip-storage",
 "qip-strategy",
 "qip-transport",
 "qip-web",
 "serde",
 "serde_json",
]

[[package]]
name = "qip-arbitrage"
version = "0.1.0"
dependencies = [
 "qip-contracts",
 "qip-core",
 "qip-market",
 "serde",
]

[[package]]
name = "qip-brokers"
version = "0.1.0"
dependencies = [
 "qip-contracts",
 "qip-core",
 "qip-execution-engine",
 "qip-financial",
 "qip-market",
 "qip-portfolio",
 "qip-routing",
 "qip-transport",
 "serde",
 "serde_json",
]

[[package]]
name = "qip-capital"
version = "0.1.0"
dependencies = [
 "qip-contracts",
 "qip-core",
 "qip-financial",
 "qip-portfolio",
 "serde",
 "serde_json",
]

[[package]]
name = "qip-capital-fabric"
version = "0.1.0"
dependencies = [
 "qip-capital",
 "qip-contracts",
 "qip-core",
 "qip-events",
 "qip-financial",
 "qip-numerics",
 "serde",
 "serde_json",
]

[[package]]
name = "qip-chain"
version = "0.1.0"
dependencies = [
 "qip-contracts",
 "qip-core",
 "qip-transport",
 "serde",
 "serde_json",
]

[[package]]
name = "qip-cli"
version = "0.1.0"
dependencies = [
 "qip-agents",
 "qip-api",
 "qip-brokers",
 "qip-capital",
 "qip-contracts",
 "qip-core",
 "qip-edge",
 "qip-events",
 "qip-execution-engine",
 "qip-feature-dag",
 "qip-financial",
 "qip-kernel",
 "qip-market-ingestion",
 "qip-mesh",
 "qip-observability",
 "qip-risk",
 "qip-risk-engine",
 "qip-storage",
 "qip-strategy",
 "qip-transport",
 "serde_json",
]

[[package]]
name = "qip-compliance"
version = "0.1.0"
dependencies = [
 "qip-ai",
 "qip-contracts",
 "qip-core",
 "serde",
 "serde_json",
]

[[package]]
name = "qip-confidential"
version = "0.1.0"
dependencies = [
 "qip-core",
 "serde",
]

[[package]]
name = "qip-contracts"
version = "0.1.0"
dependencies = [
 "qip-core",
 "serde",
 "serde_json",
]

[[package]]
name = "qip-core"
version = "0.1.0"
dependencies = [
 "serde",
 "serde_json",
]

[[package]]
name = "qip-cost-router"
version = "0.1.0"
dependencies = [
 "qip-agents",
 "qip-ai",
 "qip-contracts",
 "qip-core",
 "qip-financial",
 "serde",
]

[[package]]
name = "qip-data-finder"
version = "0.1.0"
dependencies = [
 "qip-contracts",
 "qip-core",
 "qip-events",
 "qip-financial",
 "qip-market-ingestion",
 "qip-mesh",
 "serde",
 "serde_json",
]

[[package]]
name = "qip-deepbrain"
version = "0.1.0"
dependencies = [
 "qip-agents",
 "qip-ai",
 "qip-contracts",
 "qip-core",
 "qip-events",
 "qip-evolution",
 "qip-financial",
 "qip-investment-agents",
 "qip-kernel",
 "qip-lifecycle",
 "qip-market",
 "qip-market-ingestion",
 "qip-numerics",
 "qip-observability",
 "qip-quant",
 "qip-reasoning-engine",
 "qip-risk",
 "qip-risk-engine",
 "qip-simulation-engine",
 "qip-storage",
 "qip-strategy",
 "qip-training",
 "qip-transport",
 "serde",
 "serde_json",
]

[[package]]
name = "qip-edge"
version = "0.1.0"
dependencies = [
 "qip-arbitrage",
 "qip-contracts",
 "qip-core",
 "qip-events",
 "qip-execution-engine",
 "qip-feature-dag",
 "qip-observability",
 "qip-orderbook",
 "qip-protocols",
 "qip-risk-engine",
 "qip-sequencing",
 "qip-strategy",
 "qip-transport",
 "serde",
 "serde_json",
]

[[package]]
name = "qip-edge-node"
version = "0.1.0"
dependencies = [
 "qip-arbitrage",
 "qip-brokers",
 "qip-contracts",
 "qip-core",
 "qip-edge",
 "qip-events",
 "qip-execution-engine",
 "qip-feature-dag",
 "qip-financial",
 "qip-observability",
 "qip-orderbook",
 "qip-protocols",
 "qip-routing",
 "qip-storage",
 "qip-strategy",
 "qip-transport",
 "serde",
 "serde_json",
]

[[package]]
name = "qip-entity-resolution"
version = "0.1.0"
dependencies = [
 "qip-core",
 "qip-events",
 "qip-financial",
 "serde",
]

[[package]]
name = "qip-events"
version = "0.1.0"
dependencies = [
 "qip-core",
 "serde",
 "serde_json",
]

[[package]]
name = "qip-evolution"
version = "0.1.0"
dependencies = [
 "qip-contracts",
 "qip-core",
 "qip-lifecycle",
 "qip-numerics",
 "qip-simulation-engine",
 "qip-strategy",
 "serde",
]

[[package]]
name = "qip-execution-engine"
version = "0.1.0"
dependencies = [
 "qip-core",
 "qip-market",
 "qip-risk",
 "qip-risk-engine",
 "serde",
 "serde_json",
]

[[package]]
name = "qip-fastbrain"
version = "0.1.0"
dependencies = [
 "qip-agents",
 "qip-contracts",
 "qip-core",
 "qip-data-finder",
 "qip-financial",
 "qip-investment-agents",
 "qip-kernel",
 "qip-market",
 "qip-market-ingestion",
 "qip-observability",
 "qip-risk",
 "qip-risk-engine",
 "qip-storage",
 "qip-transport",
 "serde",
 "serde_json",
]

[[package]]
name = "qip-feature-dag"
version = "0.1.0"
dependencies = [
 "qip-contracts",
 "qip-core",
 "qip-market",
 "qip-numerics",
 "qip-quant",
]

[[package]]
name = "qip-financial"
version = "0.1.0"
dependencies = [
 "qip-core",
 "qip-events",
 "serde",
 "serde_json",
]

[[package]]
name = "qip-investment-agents"
version = "0.1.0"
dependencies = [
 "qip-agents",
 "qip-ai",
 "qip-core",
 "qip-events",
 "qip-financial",
 "qip-market",
 "qip-numerics",
 "qip-portfolio",
 "qip-quant",
 "qip-reasoning-engine",
 "qip-risk",
 "qip-world-model",
 "serde",
]

[[package]]
name = "qip-kernel"
version = "0.1.0"
dependencies = [
 "qip-agents",
 "qip-ai",
 "qip-capital",
 "qip-capital-fabric",
 "qip-chain",
 "qip-compliance",
 "qip-confidential",
 "qip-contracts",
 "qip-core",
 "qip-cost-router",
 "qip-data-finder",
 "qip-events",
 "qip-evolution",
 "qip-execution-engine",
 "qip-financial",
 "qip-investment-agents",
 "qip-learning-engine",
 "qip-lifecycle",
 "qip-market",
 "qip-market-ingestion",
 "qip-mesh",
 "qip-numerics",
 "qip-observability",
 "qip-opportunity-engine",
 "qip-optimization-engine",
 "qip-portfolio",
 "qip-portfolio-engine",
 "qip-prediction",
 "qip-quantum",
 "qip-reasoning-engine",
 "qip-risk",
 "qip-risk-engine",
 "qip-simulation-engine",
 "qip-strategy",
 "qip-streaming",
 "qip-training",
 "qip-twin",
 "qip-world-model",
 "serde",
 "serde_json",
]

[[package]]
name = "qip-learning-engine"
version = "0.1.0"
dependencies = [
 "qip-ai",
 "qip-core",
 "serde",
]

[[package]]
name = "qip-lifecycle"
version = "0.1.0"
dependencies = [
 "qip-ai",
 "qip-contracts",
 "qip-core",
 "qip-numerics",
 "qip-observability",
 "qip-simulation-engine",
 "serde",
 "serde_json",
]

[[package]]
name = "qip-market"
version = "0.1.0"
dependencies = [
 "qip-core",
 "qip-events",
 "qip-financial",
 "qip-numerics",
 "serde",
 "serde_json",
]

[[package]]
name = "qip-market-ingestion"
version = "0.1.0"
dependencies = [
 "qip-contracts",
 "qip-core",
 "qip-events",
 "qip-financial",
 "qip-market",
 "qip-numerics",
 "qip-observability",
 "qip-orderbook",
 "qip-sequencing",
 "qip-transport",
 "serde",
 "serde_json",
]

[[package]]
name = "qip-mesh"
version = "0.1.0"
dependencies = [
 "qip-contracts",
 "qip-core",
 "qip-events",
 "qip-storage",
 "qip-transport",
 "serde",
 "serde_json",
]

[[package]]
name = "qip-numerics"
version = "0.1.0"
dependencies = [
 "qip-core",
 "serde",
]

[[package]]
name = "qip-observability"
version = "0.1.0"
dependencies = [
 "qip-core",
 "serde",
 "serde_json",
]

[[package]]
name = "qip-opportunity-engine"
version = "0.1.0"
dependencies = [
 "qip-core",
 "qip-events",
 "qip-financial",
 "qip-numerics",
 "serde",
 "serde_json",
]

[[package]]
name = "qip-optimization-engine"
version = "0.1.0"
dependencies = [
 "qip-core",
 "qip-numerics",
 "qip-quantum",
 "serde",
]

[[package]]
name = "qip-orderbook"
version = "0.1.0"
dependencies = [
 "qip-contracts",
 "qip-core",
 "serde",
 "serde_json",
]

[[package]]
name = "qip-portfolio"
version = "0.1.0"
dependencies = [
 "qip-core",
 "qip-events",
 "qip-financial",
 "serde",
]

[[package]]
name = "qip-portfolio-engine"
version = "0.1.0"
dependencies = [
 "qip-core",
 "qip-optimization-engine",
 "serde",
]

[[package]]
name = "qip-prediction"
version = "0.1.0"
dependencies = [
 "qip-contracts",
 "qip-core",
 "qip-market",
 "serde",
]

[[package]]
name = "qip-protocols"
version = "0.1.0"
dependencies = [
 "qip-contracts",
 "qip-core",
 "serde",
 "serde_json",
]

[[package]]
name = "qip-quant"
version = "0.1.0"
dependencies = [
 "qip-core",
 "qip-events",
 "qip-financial",
 "qip-numerics",
 "qip-portfolio",
 "serde",
]

[[package]]
name = "qip-quantum"
version = "0.1.0"
dependencies = [
 "qip-core",
 "qip-numerics",
 "qip-transport",
 "serde",
 "serde_json",
]

[[package]]
name = "qip-reasoning-engine"
version = "0.1.0"
dependencies = [
 "qip-agents",
 "qip-ai",
 "qip-core",
 "qip-transport",
 "qip-world-model",
 "serde",
 "serde_json",
]

[[package]]
name = "qip-risk"
version = "0.1.0"
dependencies = [
 "qip-core",
 "qip-numerics",
 "qip-portfolio",
 "serde",
]

[[package]]
name = "qip-risk-engine"
version = "0.1.0"
dependencies = [
 "qip-core",
 "qip-risk",
 "serde",
]

[[package]]
name = "qip-routing"
version = "0.1.0"
dependencies = [
 "qip-contracts",
 "qip-core",
 "qip-market",
 "serde",
]

[[package]]
name = "qip-sequencing"
version = "0.1.0"
dependencies = [
 "qip-contracts",
 "qip-core",
 "qip-numerics",
 "serde",
]

[[package]]
name = "qip-simulation-engine"
version = "0.1.0"
dependencies = [
 "qip-contracts",
 "qip-core",
 "qip-evolution",
 "qip-financial",
 "qip-market",
 "qip-numerics",
 "qip-portfolio",
 "qip-risk",
 "qip-strategy",
 "serde",
 "serde_json",
]

[[package]]
name = "qip-storage"
version = "0.1.0"
dependencies = [
 "qip-core",
 "qip-events",
 "qip-transport",
 "serde",
 "serde_json",
]

[[package]]
name = "qip-strategy"
version = "0.1.0"
dependencies = [
 "qip-contracts",
 "qip-core",
 "serde",
 "serde_json",
]

[[package]]
name = "qip-streaming"
version = "0.1.0"
dependencies = [
 "qip-contracts",
 "qip-core",
 "qip-events",
 "qip-financial",
 "qip-market",
 "qip-sequencing",
 "qip-transport",
 "serde",
 "serde_json",
]

[[package]]
name = "qip-training"
version = "0.1.0"
dependencies = [
 "qip-core",
 "qip-numerics",
 "qip-quant",
 "qip-strategy",
 "qip-transport",
 "serde",
 "serde_json",
]

[[package]]
name = "qip-transport"
version = "0.1.0"
dependencies = [
 "qip-contracts",
 "qip-core",
 "qip-events",
 "qip-storage",
 "qip-streaming",
 "serde",
 "serde_json",
]

[[package]]
name = "qip-twin"
version = "0.1.0"
dependencies = [
 "qip-contracts",
 "qip-core",
 "qip-financial",
 "qip-learning-engine",
 "qip-market",
 "qip-numerics",
 "qip-simulation-engine",
 "serde",
 "serde_json",
]

[[package]]
name = "qip-web"
version = "0.1.0"
dependencies = [
 "serde",
]

[[package]]
name = "qip-world-model"
version = "0.1.0"
dependencies = [
 "qip-ai",
 "qip-contracts",
 "qip-core",
 "qip-entity-resolution",
 "qip-events",
 "qip-financial",
 "qip-market",
 "qip-numerics",
 "serde",
]

[[package]]
name = "quote"
version = "1.0.47"
source = "registry+https://github.com/rust-lang/crates.io-index"
checksum = "1fbf4db142a473a8d80c26bbf18454ed458bf8d26c8219c331daecfdbd079001"
dependencies = [
 "proc-macro2",
]

[[package]]
name = "serde"
version = "1.0.229"
source = "registry+https://github.com/rust-lang/crates.io-index"
checksum = "4148590afebada386688f18773da617792bf2ef03ffc1e4cbd2b1d45b023e0ba"
dependencies = [
 "serde_core",
 "serde_derive",
]

[[package]]
name = "serde_core"
version = "1.0.229"
source = "registry+https://github.com/rust-lang/crates.io-index"
checksum = "67dca2c9c51e58a4791a4b1ed58308b39c64224d349a935ab5039aa360942a48"
dependencies = [
 "serde_derive",
]

[[package]]
name = "serde_derive"
version = "1.0.229"
source = "registry+https://github.com/rust-lang/crates.io-index"
checksum = "e7a5d71263a5a7d47b41f6b3f06ba276f10cc18b0931f1799f710578e2309348"
dependencies = [
 "proc-macro2",
 "quote",
 "syn",
]

[[package]]
name = "serde_json"
version = "1.0.151"
source = "registry+https://github.com/rust-lang/crates.io-index"
checksum = "c841b55ecdae098c80dcae9cf767f6f8a0c2cdb3416bbef72181df4d0fe73f14"
dependencies = [
 "itoa",
 "memchr",
 "serde",
 "serde_core",
 "zmij",
]

[[package]]
name = "syn"
version = "3.0.3"
source = "registry+https://github.com/rust-lang/crates.io-index"
checksum = "53e9bae58849f64dfa4f5d5ae372c8341f7305f82a3868709269343628b659a3"
dependencies = [
 "proc-macro2",
 "quote",
 "unicode-ident",
]

[[package]]
name = "unicode-ident"
version = "1.0.24"
source = "registry+https://github.com/rust-lang/crates.io-index"
checksum = "e6e4313cd5fcd3dad5cafa179702e2b244f760991f45397d14d4ebf38247da75"

[[package]]
name = "zmij"
version = "1.0.23"
source = "registry+https://github.com/rust-lang/crates.io-index"
checksum = "29666d0abbfad1e3dc4dcf6144730dd3a3ab225bbbdac83319345b1b44ccfc1b"
